github.com/goccy/go-json v0.10.5 h1:Fq85nIqj+gXn/S5ahsiTlK3TmC85qgirsdTP/+DeaC4=
github.com/goccy/go-json v0.10.5/go.mod h1:oq7eo15ShAhp70Anwd5lgX2pLfOS3QCiwU/PULtXL6M=
github.com/goccy/go-yaml v1.17.1 h1:LI34wktB2xEE3ONG/2Ar54+/HJVBriAGJ55PHls4YuY=
github.com/goccy/go-yaml v1.17.1/go.mod h1:XBurs7gK8ATbW4ZPGKgcbrY1Br56PdM69F7LkFRi1kA=
github.com/golang-jwt/jwt/v5 v5.2.2 h1:Rl4B7itRWVtYIHFrSNd7vhTiz9UpLdi6gZhZ3wEeDy8=
github.com/golang-jwt/jwt/v5 v5.2.2/go.mod h1:pqrtFR0X4osieyHYxtmOUWsAWrfe1Q5UVIyoH402zdk=
github.com/gotnospirit/makeplural v0.0.0-20180622080156-a5f48d94d976 h1:b70jEaX2iaJSPZULSUxKtm73LBfsCrMsIlYCUgNGSIs=
github.com/gotnospirit/makeplural v0.0.0-20180622080156-a5f48d94d976/go.mod h1:ZGQeOwybjD8lkCjIyJfqR5LD2wMVHJ31d6GdPxoTsWY=
github.com/gotnospirit/messageformat v0.0.0-20221001023931-dfe49f1eb092 h1:c7gcNWTSr1gtLp6PyYi3wzvFCEcHJ4YRobDgqmIgf7Q=
github.com/gotnospirit/messageformat v0.0.0-20221001023931-dfe49f1eb092/go.mod h1:ZZAN4fkkful3l1lpJwF8JbW41ZiG9TwJ2ZlqzQovBNU=
github.com/kaptinlin/go-i18n v0.1.3 h1:Zmc2sp3N3eNxAPEiyfdbZgF+QF8LZdOdZNR1gHefUe4=
github.com/kaptinlin/go-i18n v0.1.3/go.mod h1:giU+qqtzFZ2U0ksKKVuSxtIFzBLkMA/vlKTeJDyyM2c=
github.com/kaptinlin/jsonschema v0.2.3 h1:nY3VyXl706XzU0x3HVMcCfJs9Dqxkf+4la05mgXIIbQ=
github.com/kaptinlin/jsonschema v0.2.3/go.mod h1:dJbHsKCERlRl1PMtDZy7NGH/Fy7tqWqaIhHdmErBkZQ=
github.com/syumai/workers v0.30.2 h1:ZefPdAoXBsw87Bxy1LTAR6Pm9Gbxw/iM7DNraPSput0=
github.com/syumai/workers v0.30.2/go.mod h1:ZnqmdiHNBrbxOLrZ/HJ5jzHy6af9cmiNZk10R9NrIEA=
golang.org/x/text v0.22.0 h1:bofq7m3/HAFvbF51jz3Q9wLg3jkvSPuiZu/pD1XwgtM=
golang.org/x/text v0.22.0/go.mod h1:YRoo4H8PVmsu+E3Ou7cqLVH8oXWIHVoX0jqUWALQhfY=
